
Microsoft Visual Studio Solution File, Format Version 12.00
# Visual Studio Version 16
VisualStudioVersion = 16.0.31112.23
MinimumVisualStudioVersion = 10.0.40219.1
Project("{FAE04EC0-301F-11D3-BF4B-00C04F79EFBC}") = "ClasesEvaluacion2", "ClasesEvaluacion2\ClasesEvaluacion2.csproj", "{C2514E02-A1CE-40EC-866F-D415E7E2674D}"
EndProject
Project("{FAE04EC0-301F-11D3-BF4B-00C04F79EFBC}") = "AplicacionEvaluacion2", "AplicacionEvaluacion2\AplicacionEvaluacion2.csproj", "{AE47CC5B-D4EA-47EA-877C-381DE8891010}"
EndProject
Global
	GlobalSection(SolutionConfigurationPlatforms) = preSolution
		Debug|Any CPU = Debug|Any CPU
		Release|Any CPU = Release|Any CPU
	EndGlobalSection
	GlobalSection(ProjectConfigurationPlatforms) = postSolution
		{C2514E02-A1CE-40EC-866F-D415E7E2674D}.Debug|Any CPU.ActiveCfg = Debug|Any CPU
		{C2514E02-A1CE-40EC-866F-D415E7E2674D}.Debug|Any CPU.Build.0 = Debug|Any CPU
		{C2514E02-A1CE-40EC-866F-D415E7E2674D}.Release|Any CPU.ActiveCfg = Release|Any CPU
		{C2514E02-A1CE-40EC-866F-D415E7E2674D}.Release|Any CPU.Build.0 = Release|Any CPU
		{AE47CC5B-D4EA-47EA-877C-381DE8891010}.Debug|Any CPU.ActiveCfg = Debug|Any CPU
		{AE47CC5B-D4EA-47EA-877C-381DE8891010}.Debug|Any CPU.Build.0 = Debug|Any CPU
		{AE47CC5B-D4EA-47EA-877C-381DE8891010}.Release|Any CPU.ActiveCfg = Release|Any CPU
		{AE47CC5B-D4EA-47EA-877C-381DE8891010}.Release|Any CPU.Build.0 = Release|Any CPU
	EndGlobalSection
	GlobalSection(SolutionProperties) = preSolution
		HideSolutionNode = FALSE
	EndGlobalSection
	GlobalSection(ExtensibilityGlobals) = postSolution
		SolutionGuid = {68761CE1-5D61-4EC3-922F-8E56062353B3}
	EndGlobalSection
EndGlobal
